
Microsoft Visual Studio Solution File, Format Version 12.00
# Visual Studio Version 16
VisualStudioVersion = 16.0.30225.117
MinimumVisualStudioVersion = 10.0.40219.1
Project("{888888A0-9F3D-457C-B088-3A5042F75D52}") = "OOPV3PythonVersion", "OOPV3PythonVersion.pyproj", "{43758C9C-0BC9-4DDD-95A5-BC3ED8541DEA}"
EndProject
Global
	GlobalSection(SolutionConfigurationPlatforms) = preSolution
		Debug|Any CPU = Debug|Any CPU
		Release|Any CPU = Release|Any CPU
	EndGlobalSection
	GlobalSection(ProjectConfigurationPlatforms) = postSolution
		{43758C9C-0BC9-4DDD-95A5-BC3ED8541DEA}.Debug|Any CPU.ActiveCfg = Debug|Any CPU
		{43758C9C-0BC9-4DDD-95A5-BC3ED8541DEA}.Release|Any CPU.ActiveCfg = Release|Any CPU
	EndGlobalSection
	GlobalSection(SolutionProperties) = preSolution
		HideSolutionNode = FALSE
	EndGlobalSection
	GlobalSection(ExtensibilityGlobals) = postSolution
		SolutionGuid = {F5694517-DA96-40DA-8A55-FC33C8653D8E}
	EndGlobalSection
EndGlobal
